// !$*UTF8*$!
{
	archiveVersion = 1;
	classes = {
	};
	objectVersion = 46;
	objects = {

/* Begin PBXBuildFile section */
		372A01741F07EC6A00AE9480 /* AppDelegate.swift in Sources */ = {isa = PBXBuildFile; fileRef = 372A01731F07EC6A00AE9480 /* AppDelegate.swift */; };
		372A01761F07EC6A00AE9480 /* ViewController.swift in Sources */ = {isa = PBXBuildFile; fileRef = 372A01751F07EC6A00AE9480 /* ViewController.swift */; };
		372A01791F07EC6B00AE9480 /* Main.storyboard in Resources */ = {isa = PBXBuildFile; fileRef = 372A01771F07EC6B00AE9480 /* Main.storyboard */; };
		372A017B1F07EC6B00AE9480 /* Assets.xcassets in Resources */ = {isa = PBXBuildFile; fileRef = 372A017A1F07EC6B00AE9480 /* Assets.xcassets */; };
		372A017E1F07EC6B00AE9480 /* LaunchScreen.storyboard in Resources */ = {isa = PBXBuildFile; fileRef = 372A017C1F07EC6B00AE9480 /* LaunchScreen.storyboard */; };
/* End PBXBuildFile section */

/* Begin PBXFileReference section */
		372A01701F07EC6A00AE9480 /* MapKitExercise.app */ = {isa = PBXFileReference; explicitFileType = wrapper.application; includeInIndex = 0; path = MapKitExercise.app; sourceTree = BUILT_PRODUCTS_DIR; };
		372A01731F07EC6A00AE9480 /* AppDelegate.swift */ = {isa = PBXFileReference; lastKnownFileType = sourcecode.swift; path = AppDelegate.swift; sourceTree = "<group>"; };
		372A01751F07EC6A00AE9480 /* ViewController.swift */ = {isa = PBXFileReference; lastKnownFileType = sourcecode.swift; path = ViewController.swift; sourceTree = "<group>"; };
		372A01781F07EC6B00AE9480 /* Base */ = {isa = PBXFileReference; lastKnownFileType = file.storyboard; name = Base; path = Base.lproj/Main.storyboard; sourceTree = "<group>"; };
		372A017A1F07EC6B00AE9480 /* Assets.xcassets */ = {isa = PBXFileReference; lastKnownFileType = folder.assetcatalog; path = Assets.xcassets; sourceTree = "<group>"; };
		372A017D1F07EC6B00AE9480 /* Base */ = {isa = PBXFileReference; lastKnownFileType = file.storyboard; name = Base; path = Base.lproj/LaunchScreen.storyboard; sourceTree = "<group>"; };
		372A017F1F07EC6B00AE9480 /* Info.plist */ = {isa = PBXFileReference; lastKnownFileType = text.plist.xml; path = Info.plist; sourceTree = "<group>"; };
/* End PBXFileReference section */

/* Begin PBXFrameworksBuildPhase section */
		372A016D1F07EC6A00AE9480 /* Frameworks */ = {
			isa = PBXFrameworksBuildPhase;
			buildActionMask = 2147483647;
			files = (
			);
			runOnlyForDeploymentPostprocessing = 0;
		};
/* End PBXFrameworksBuildPhase section */

/* Begin PBXGroup section */
		372A01671F07EC6A00AE9480 = {
			isa = PBXGroup;
			children = (
				372A01721F07EC6A00AE9480 /* MapKitExercise */,
				372A01711F07EC6A00AE9480 /* Products */,
			);
			sourceTree = "<group>";
		};
		372A01711F07EC6A00AE9480 /* Products */ = {
			isa = PBXGroup;
			children = (
				372A01701F07EC6A00AE9480 /* MapKitExercise.app */,
			);
			name = Products;
			sourceTree = "<group>";
		};
		372A01721F07EC6A00AE9480 /* MapKitExercise */ = {
			isa = PBXGroup;
			children = (
				372A01731F07EC6A00AE9480 /* AppDelegate.swift */,
				372A01751F07EC6A00AE9480 /* ViewController.swift */,
				372A01771F07EC6B00AE9480 /* Main.storyboard */,
				372A017A1F07EC6B00AE9480 /* Assets.xcassets */,
				372A017C1F07EC6B00AE9480 /* LaunchScreen.storyboard */,
				372A017F1F07EC6B00AE9480 /* Info.plist */,
			);
			path = MapKitExercise;
			sourceTree = "<group>";
		};
/* End PBXGroup section */

/* Begin PBXNativeTarget section */
		372A016F1F07EC6A00AE9480 /* MapKitExercise */ = {
			isa = PBXNativeTarget;
			buildConfigurationList = 372A01821F07EC6B00AE9480 /* Build configuration list for PBXNativeTarget "MapKitExercise" */;
			buildPhases = (
				372A016C1F07EC6A00AE9480 /* Sources */,
				372A016D1F07EC6A00AE9480 /* Frameworks */,
				372A016E1F07EC6A00AE9480 /* Resources */,
			);
			buildRules = (
			);
			dependencies = (
			);
			name = MapKitExercise;
			productName = MapKitExercise;
			productReference = 372A01701F07EC6A00AE9480 /* MapKitExercise.app */;
			productType = "com.apple.product-type.application";
		};
/* End PBXNativeTarget section */

/* Begin PBXProject section */
		372A01681F07EC6A00AE9480 /* Project object */ = {
			isa = PBXProject;
			attributes = {
				LastSwiftUpdateCheck = 0830;
				LastUpgradeCheck = 0830;
				ORGANIZATIONNAME = iShinobi;
				TargetAttributes = {
					372A016F1F07EC6A00AE9480 = {
						CreatedOnToolsVersion = 8.3.3;
						DevelopmentTeam = WZFHSP6QD4;
						ProvisioningStyle = Automatic;
					};
				};
			};
			buildConfigurationList = 372A016B1F07EC6A00AE9480 /* Build configuration list for PBXProject "MapKitExercise" */;
			compatibilityVersion = "Xcode 3.2";
			developmentRegion = English;
			hasScannedForEncodings = 0;
			knownRegions = (
				en,
				Base,
			);
			mainGroup = 372A01671F07EC6A00AE9480;
			productRefGroup = 372A01711F07EC6A00AE9480 /* Products */;
			projectDirPath = "";
			projectRoot = "";
			targets = (
				372A016F1F07EC6A00AE9480 /* MapKitExercise */,
			);
		};
/* End PBXProject section */

/* Begin PBXResourcesBuildPhase section */
		372A016E1F07EC6A00AE9480 /* Resources */ = {
			isa = PBXResourcesBuildPhase;
			buildActionMask = 2147483647;
			files = (
				372A017E1F07EC6B00AE9480 /* LaunchScreen.storyboard in Resources */,
				372A017B1F07EC6B00AE9480 /* Assets.xcassets in Resources */,
				372A01791F07EC6B00AE9480 /* Main.storyboard in Resources */,
			);
			runOnlyForDeploymentPostprocessing = 0;
		};
/* End PBXResourcesBuildPhase section */

/* Begin PBXSourcesBuildPhase section */
		372A016C1F07EC6A00AE9480 /* Sources */ = {
			isa = PBXSourcesBuildPhase;
			buildActionMask = 2147483647;
			files = (
				372A01761F07EC6A00AE9480 /* ViewController.swift in Sources */,
				372A01741F07EC6A00AE9480 /* AppDelegate.swift in Sources */,
			);
			runOnlyForDeploymentPostprocessing = 0;
		};
/* End PBXSourcesBuildPhase section */

/* Begin PBXVariantGroup section */
		372A01771F07EC6B00AE9480 /* Main.storyboard */ = {
			isa = PBXVariantGroup;
			children = (
				372A01781F07EC6B00AE9480 /* Base */,
			);
			name = Main.storyboard;
			sourceTree = "<group>";
		};
		372A017C1F07EC6B00AE9480 /* LaunchScreen.storyboard */ = {
			isa = PBXVariantGroup;
			children = (
				372A017D1F07EC6B00AE9480 /* Base */,
			);
			name = LaunchScreen.storyboard;
			sourceTree = "<group>";
		};
/* End PBXVariantGroup section */

/* Begin XCBuildConfiguration section */
		372A01801F07EC6B00AE9480 /* Debug */ = {
			isa = XCBuildConfiguration;
			buildSettings = {
				ALWAYS_SEARCH_USER_PATHS = NO;
				CLANG_ANALYZER_NONNULL = YES;
				CLANG_ANALYZER_NUMBER_OBJECT_CONVERSION = YES_AGGRESSIVE;
				CLANG_CXX_LANGUAGE_STANDARD = "gnu++0x";
				CLANG_CXX_LIBRARY = "libc++";
				CLANG_ENABLE_MODULES = YES;
				CLANG_ENABLE_OBJC_ARC = YES;
				CLANG_WARN_BOOL_CONVERSION = YES;
				CLANG_WARN_CONSTANT_CONVERSION = YES;
				CLANG_WARN_DIRECT_OBJC_ISA_USAGE = YES_ERROR;
				CLANG_WARN_DOCUMENTATION_COMMENTS = YES;
				CLANG_WARN_EMPTY_BODY = YES;
				CLANG_WARN_ENUM_CONVERSION = YES;
				CLANG_WARN_INFINITE_RECURSION = YES;
				CLANG_WARN_INT_CONVERSION = YES;
				CLANG_WARN_OBJC_ROOT_CLASS = YES_ERROR;
				CLANG_WARN_SUSPICIOUS_MOVE = YES;
				CLANG_WARN_UNREACHABLE_CODE = YES;
				CLANG_WARN__DUPLICATE_METHOD_MATCH = YES;
				"CODE_SIGN_IDENTITY[sdk=iphoneos*]" = "iPhone Developer";
				COPY_PHASE_STRIP = NO;
				DEBUG_INFORMATION_FORMAT = dwarf;
				ENABLE_STRICT_OBJC_MSGSEND = YES;
				ENABLE_TESTABILITY = YES;
				GCC_C_LANGUAGE_STANDARD = gnu99;
				GCC_DYNAMIC_NO_PIC = NO;
				GCC_NO_COMMON_BLOCKS = YES;
				GCC_OPTIMIZATION_LEVEL = 0;
				GCC_PREPROCESSOR_DEFINITIONS = (
					"DEBUG=1",
					"$(inherited)",
				);
				GCC_WARN_64_TO_32_BIT_CONVERSION = YES;
				GCC_WARN_ABOUT_RETURN_TYPE = YES_ERROR;
				GCC_WARN_UNDECLARED_SELECTOR = YES;
				GCC_WARN_UNINITIALIZED_AUTOS = YES_AGGRESSIVE;
				GCC_WARN_UNUSED_FUNCTION = YES;
				GCC_WARN_UNUSED_VARIABLE = YES;
				IPHONEOS_DEPLOYMENT_TARGET = 10.3;
				MTL_ENABLE_DEBUG_INFO = YES;
				ONLY_ACTIVE_ARCH = YES;
				SDKROOT = iphoneos;
				SWIFT_ACTIVE_COMPILATION_CONDITIONS = DEBUG;
				SWIFT_OPTIMIZATION_LEVEL = "-Onone";
			};
			name = Debug;
		};
		372A01811F07EC6B00AE9480 /* Release */ = {
			isa = XCBuildConfiguration;
			buildSettings = {
				ALWAYS_SEARCH_USER_PATHS = NO;
				CLANG_ANALYZER_NONNULL = YES;
				CLANG_ANALYZER_NUMBER_OBJECT_CONVERSION = YES_AGGRESSIVE;
				CLANG_CXX_LANGUAGE_STANDARD = "gnu++0x";
				CLANG_CXX_LIBRARY = "libc++";
				CLANG_ENABLE_MODULES = YES;
				CLANG_ENABLE_OBJC_ARC = YES;
				CLANG_WARN_BOOL_CONVERSION = YES;
				CLANG_WARN_CONSTANT_CONVERSION = YES;
				CLANG_WARN_DIRECT_OBJC_ISA_USAGE = YES_ERROR;
				CLANG_WARN_DOCUMENTATION_COMMENTS = YES;
				CLANG_WARN_EMPTY_BODY = YES;
				CLANG_WARN_ENUM_CONVERSION = YES;
				CLANG_WARN_INFINITE_RECURSION = YES;
				CLANG_WARN_INT_CONVERSION = YES;
				CLANG_WARN_OBJC_ROOT_CLASS = YES_ERROR;
				CLANG_WARN_SUSPICIOUS_MOVE = YES;
				CLANG_WARN_UNREACHABLE_CODE = YES;
				CLANG_WARN__DUPLICATE_METHOD_MATCH = YES;
				"CODE_SIGN_IDENTITY[sdk=iphoneos*]" = "iPhone Developer";
				COPY_PHASE_STRIP = NO;
				DEBUG_INFORMATION_FORMAT = "dwarf-with-dsym";
				ENABLE_NS_ASSERTIONS = NO;
				ENABLE_STRICT_OBJC_MSGSEND = YES;
				GCC_C_LANGUAGE_STANDARD = gnu99;
				GCC_NO_COMMON_BLOCKS = YES;
				GCC_WARN_64_TO_32_BIT_CONVERSION = YES;
				GCC_WARN_ABOUT_RETURN_TYPE = YES_ERROR;
				GCC_WARN_UNDECLARED_SELECTOR = YES;
				GCC_WARN_UNINITIALIZED_AUTOS = YES_AGGRESSIVE;
				GCC_WARN_UNUSED_FUNCTION = YES;
				GCC_WARN_UNUSED_VARIABLE = YES;
				IPHONEOS_DEPLOYMENT_TARGET = 10.3;
				MTL_ENABLE_DEBUG_INFO = NO;
				SDKROOT = iphoneos;
				SWIFT_OPTIMIZATION_LEVEL = "-Owholemodule";
				VALIDATE_PRODUCT = YES;
			};
			name = Release;
		};
		372A01831F07EC6B00AE9480 /* Debug */ = {
			isa = XCBuildConfiguration;
			buildSettings = {
				ASSETCATALOG_COMPILER_APPICON_NAME = AppIcon;
				DEVELOPMENT_TEAM = WZFHSP6QD4;
				INFOPLIST_FILE = MapKitExercise/Info.plist;
				LD_RUNPATH_SEARCH_PATHS = "$(inherited) @executable_path/Frameworks";
				PRODUCT_BUNDLE_IDENTIFIER = ninja.pragprog.careerfoundry.MapKitExercise;
				PRODUCT_NAME = "$(TARGET_NAME)";
				SWIFT_VERSION = 3.0;
			};
			name = Debug;
		};
		372A01841F07EC6B00AE9480 /* Release */ = {
			isa = XCBuildConfiguration;
			buildSettings = {
				ASSETCATALOG_COMPILER_APPICON_NAME = AppIcon;
				DEVELOPMENT_TEAM = WZFHSP6QD4;
				INFOPLIST_FILE = MapKitExercise/Info.plist;
				LD_RUNPATH_SEARCH_PATHS = "$(inherited) @executable_path/Frameworks";
				PRODUCT_BUNDLE_IDENTIFIER = ninja.pragprog.careerfoundry.MapKitExercise;
				PRODUCT_NAME = "$(TARGET_NAME)";
				SWIFT_VERSION = 3.0;
			};
			name = Release;
		};
/* End XCBuildConfiguration section */

/* Begin XCConfigurationList section */
		372A016B1F07EC6A00AE9480 /* Build configuration list for PBXProject "MapKitExercise" */ = {
			isa = XCConfigurationList;
			buildConfigurations = (
				372A01801F07EC6B00AE9480 /* Debug */,
				372A01811F07EC6B00AE9480 /* Release */,
			);
			defaultConfigurationIsVisible = 0;
			defaultConfigurationName = Release;
		};
		372A01821F07EC6B00AE9480 /* Build configuration list for PBXNativeTarget "MapKitExercise" */ = {
			isa = XCConfigurationList;
			buildConfigurations = (
				372A01831F07EC6B00AE9480 /* Debug */,
				372A01841F07EC6B00AE9480 /* Release */,
			);
			defaultConfigurationIsVisible = 0;
		};
/* End XCConfigurationList section */
	};
	rootObject = 372A01681F07EC6A00AE9480 /* Project object */;
}
